
Microsoft Visual Studio Solution File, Format Version 12.00
# Visual Studio 15
VisualStudioVersion = 15.0.27428.2002
MinimumVisualStudioVersion = 10.0.40219.1
Project("{8BC9CEB8-8B4A-11D0-8D11-00A0C91BC942}") = "bj_14671_cleanRoom", "bj_14671_cleanRoom\bj_14671_cleanRoom.vcxproj", "{52F66795-AF5B-4AA6-926E-12BD238B1A88}"
EndProject
Global
	GlobalSection(SolutionConfigurationPlatforms) = preSolution
		Debug|x64 = Debug|x64
		Debug|x86 = Debug|x86
		Release|x64 = Release|x64
		Release|x86 = Release|x86
	EndGlobalSection
	GlobalSection(ProjectConfigurationPlatforms) = postSolution
		{52F66795-AF5B-4AA6-926E-12BD238B1A88}.Debug|x64.ActiveCfg = Debug|x64
		{52F66795-AF5B-4AA6-926E-12BD238B1A88}.Debug|x64.Build.0 = Debug|x64
		{52F66795-AF5B-4AA6-926E-12BD238B1A88}.Debug|x86.ActiveCfg = Debug|Win32
		{52F66795-AF5B-4AA6-926E-12BD238B1A88}.Debug|x86.Build.0 = Debug|Win32
		{52F66795-AF5B-4AA6-926E-12BD238B1A88}.Release|x64.ActiveCfg = Release|x64
		{52F66795-AF5B-4AA6-926E-12BD238B1A88}.Release|x64.Build.0 = Release|x64
		{52F66795-AF5B-4AA6-926E-12BD238B1A88}.Release|x86.ActiveCfg = Release|Win32
		{52F66795-AF5B-4AA6-926E-12BD238B1A88}.Release|x86.Build.0 = Release|Win32
	EndGlobalSection
	GlobalSection(SolutionProperties) = preSolution
		HideSolutionNode = FALSE
	EndGlobalSection
	GlobalSection(ExtensibilityGlobals) = postSolution
		SolutionGuid = {B929C30E-4CD7-4FD7-A457-109AE3690ABA}
	EndGlobalSection
EndGlobal
